{
  "name": "CineDate",
  "lockfileVersion": 3,
  "requires": true,
  "packages": {
    "": {
      "devDependencies": {
        "react-native-dotenv": "^4.1.1"
      }
    },
    "node_modules/dotenv": {
      "version": "17.4.2",
      "resolved": "https://registry.npmjs.org/dotenv/-/dotenv-17.4.2.tgz",
      "integrity": "sha512-nI4U3TottKAcAD9LLud4Cb7b2QztQMUEfHbvhTH09bqXTxnSie8WnjPALV/WMCrJZ6UV/qHJ6L03OqO3LcdYZw==",
      "dev": true,
      "license": "BSD-2-Clause",
      "engines": {
        "node": ">=12"
      },
      "funding": {
        "url": "https://dotenvx.com"
      }
    },
    "node_modules/react-native-dotenv": {
      "version": "4.1.1",
      "resolved": "https://registry.npmjs.org/react-native-dotenv/-/react-native-dotenv-4.1.1.tgz",
      "integrity": "sha512-Y7aMj6uFa/KJO7AFbUYGvr1YXYlFrVIC0HVhB+mFw2yGgtDrWvnfrpXP7LHX4Zh+xOwsnlZTHOoNrhv/uE9AcA==",
      "dev": true,
      "license": "MIT",
      "dependencies": {
        "dotenv": "^17.4.2"
      }
    }
  }
}
